
Microsoft Visual Studio Solution File, Format Version 12.00
# Visual Studio 15
Project("{FAE04EC0-301F-11D3-BF4B-00C04F79EFBC}") = "UnityEngine.TestRunner", "UnityEngine.TestRunner.csproj", "{CF6ED069-8B35-AEB6-E142-44A8723247DB}"
EndProject
Project("{FAE04EC0-301F-11D3-BF4B-00C04F79EFBC}") = "Unity.Mathematics", "Unity.Mathematics.csproj", "{D048A0BF-DE52-AA4C-0836-D2C7483B69E0}"
EndProject
Project("{FAE04EC0-301F-11D3-BF4B-00C04F79EFBC}") = "Unity.2D.Animation.Triangle.Runtime", "Unity.2D.Animation.Triangle.Runtime.csproj", "{08D8C697-05A2-A207-A3F6-0AFC8152E03D}"
EndProject
Project("{FAE04EC0-301F-11D3-BF4B-00C04F79EFBC}") = "Unity.Timeline", "Unity.Timeline.csproj", "{0E964639-B100-1B0A-B390-5FDA3AD75349}"
EndProject
Project("{FAE04EC0-301F-11D3-BF4B-00C04F79EFBC}") = "Cinemachine", "Cinemachine.csproj", "{8EBD511D-935B-0F63-28BD-AC3CA0F0A6B6}"
EndProject
Project("{FAE04EC0-301F-11D3-BF4B-00C04F79EFBC}") = "Unity.TextMeshPro", "Unity.TextMeshPro.csproj", "{79E10BA2-C4B4-5BB7-9F6E-C5A805D29BFF}"
EndProject
Project("{FAE04EC0-301F-11D3-BF4B-00C04F79EFBC}") = "Unity.2D.Animation.Runtime", "Unity.2D.Animation.Runtime.csproj", "{9E832117-109E-AB09-8577-B17673A8EF2C}"
EndProject
Project("{FAE04EC0-301F-11D3-BF4B-00C04F79EFBC}") = "Unity.2D.IK.Runtime", "Unity.2D.IK.Runtime.csproj", "{B7F41D5D-0551-778C-94B8-9E9E4FBFAF64}"
EndProject
Project("{FAE04EC0-301F-11D3-BF4B-00C04F79EFBC}") = "Unity.2D.SpriteShape.Runtime", "Unity.2D.SpriteShape.Runtime.csproj", "{2E64C466-A170-FFB6-CB80-0EAA56B88F4B}"
EndProject
Project("{FAE04EC0-301F-11D3-BF4B-00C04F79EFBC}") = "Unity.2D.PixelPerfect", "Unity.2D.PixelPerfect.csproj", "{82F85D3E-B69A-C0CE-CAB6-13A1DA46D697}"
EndProject
Project("{FAE04EC0-301F-11D3-BF4B-00C04F79EFBC}") = "Assembly-CSharp", "Assembly-CSharp.csproj", "{59787809-AD6B-5F67-8EAF-54B5D682C293}"
EndProject
Project("{FAE04EC0-301F-11D3-BF4B-00C04F79EFBC}") = "Unity.2D.Common.Runtime", "Unity.2D.Common.Runtime.csproj", "{FCF9893B-1E30-2495-F7D9-133D01A7981D}"
EndProject
Project("{FAE04EC0-301F-11D3-BF4B-00C04F79EFBC}") = "Unity.InternalAPIEngineBridge.001", "Unity.InternalAPIEngineBridge.001.csproj", "{C205392F-87BE-FB23-5269-4CE5C678AA65}"
EndProject
Project("{FAE04EC0-301F-11D3-BF4B-00C04F79EFBC}") = "UnityEditor.TestRunner", "UnityEditor.TestRunner.csproj", "{ADFB044D-EF6E-0AD7-C77E-C1E03BAB452B}"
EndProject
Project("{FAE04EC0-301F-11D3-BF4B-00C04F79EFBC}") = "Unity.PlasticSCM.Editor", "Unity.PlasticSCM.Editor.csproj", "{7FEC60AD-909B-A096-4715-E928A5EFAB7C}"
EndProject
Project("{FAE04EC0-301F-11D3-BF4B-00C04F79EFBC}") = "Unity.Services.Core.Editor", "Unity.Services.Core.Editor.csproj", "{4B8113D5-DFC3-7A05-00D5-2FD646488689}"
EndProject
Project("{FAE04EC0-301F-11D3-BF4B-00C04F79EFBC}") = "Unity.Timeline.Editor", "Unity.Timeline.Editor.csproj", "{B024494C-97A9-BBD6-1C7E-E0CF6D418AE8}"
EndProject
Project("{FAE04EC0-301F-11D3-BF4B-00C04F79EFBC}") = "Unity.VisualStudio.Editor", "Unity.VisualStudio.Editor.csproj", "{2D14BBD4-BE8F-8301-D258-D7C6E7C272C3}"
EndProject
Project("{FAE04EC0-301F-11D3-BF4B-00C04F79EFBC}") = "com.unity.cinemachine.editor", "com.unity.cinemachine.editor.csproj", "{3E4FD6A3-844D-BBE8-9A80-A737A7543441}"
EndProject
Project("{FAE04EC0-301F-11D3-BF4B-00C04F79EFBC}") = "Unity.2D.Psdimporter.Editor", "Unity.2D.Psdimporter.Editor.csproj", "{4B7A0962-E6E9-942C-F52C-240FF59C4B7A}"
EndProject
Project("{FAE04EC0-301F-11D3-BF4B-00C04F79EFBC}") = "Unity.2D.Animation.Editor", "Unity.2D.Animation.Editor.csproj", "{E84D0AE1-D97C-3A96-D1D3-75BED1B62440}"
EndProject
Project("{FAE04EC0-301F-11D3-BF4B-00C04F79EFBC}") = "Unity.TextMeshPro.Editor", "Unity.TextMeshPro.Editor.csproj", "{C3152BB2-A8D8-FBC4-9935-85A25B942FB5}"
EndProject
Project("{FAE04EC0-301F-11D3-BF4B-00C04F79EFBC}") = "Unity.2D.SpriteShape.Editor", "Unity.2D.SpriteShape.Editor.csproj", "{846548A3-2B0C-DD4C-D2D6-708A330DCAB8}"
EndProject
Project("{FAE04EC0-301F-11D3-BF4B-00C04F79EFBC}") = "Unity.CollabProxy.Editor", "Unity.CollabProxy.Editor.csproj", "{23C2792C-E617-60A4-F36F-69B9F5425942}"
EndProject
Project("{FAE04EC0-301F-11D3-BF4B-00C04F79EFBC}") = "PsdPlugin", "PsdPlugin.csproj", "{13EE12D5-D4D0-CF16-39F5-D30BFDD69487}"
EndProject
Project("{FAE04EC0-301F-11D3-BF4B-00C04F79EFBC}") = "Unity.2D.Path.Editor", "Unity.2D.Path.Editor.csproj", "{3D4AD43F-5E19-098B-478A-001D01C5C1BA}"
EndProject
Project("{FAE04EC0-301F-11D3-BF4B-00C04F79EFBC}") = "Unity.Rider.Editor", "Unity.Rider.Editor.csproj", "{CD808009-99F8-EBB8-4A6C-C7BEAA19A3CC}"
EndProject
Project("{FAE04EC0-301F-11D3-BF4B-00C04F79EFBC}") = "Unity.2D.IK.Editor", "Unity.2D.IK.Editor.csproj", "{7A50FEFE-7047-BDBB-A575-35AE24C842C8}"
EndProject
Project("{FAE04EC0-301F-11D3-BF4B-00C04F79EFBC}") = "Unity.2D.PixelPerfect.Editor", "Unity.2D.PixelPerfect.Editor.csproj", "{E62A3C6E-C3A2-73BD-B094-83B8F50AE836}"
EndProject
Project("{FAE04EC0-301F-11D3-BF4B-00C04F79EFBC}") = "Unity.VSCode.Editor", "Unity.VSCode.Editor.csproj", "{9873EA32-D5E5-6BFA-8C3E-1825E05FAB08}"
EndProject
Project("{FAE04EC0-301F-11D3-BF4B-00C04F79EFBC}") = "Unity.2D.Common.Editor", "Unity.2D.Common.Editor.csproj", "{AC843714-3F8B-57E5-D8D9-A81B2F4A2E11}"
EndProject
Project("{FAE04EC0-301F-11D3-BF4B-00C04F79EFBC}") = "Unity.Mathematics.Editor", "Unity.Mathematics.Editor.csproj", "{8AC8FD7E-5FC9-BEF7-485E-DD65DF90E135}"
EndProject
Project("{FAE04EC0-301F-11D3-BF4B-00C04F79EFBC}") = "Assembly-CSharp-Editor", "Assembly-CSharp-Editor.csproj", "{C3DA40FF-DE0D-8A08-5152-BE7FF0DD8F50}"
EndProject
Project("{FAE04EC0-301F-11D3-BF4B-00C04F79EFBC}") = "Unity.InternalAPIEditorBridge.001", "Unity.InternalAPIEditorBridge.001.csproj", "{222F9AC4-BAA5-B887-74C3-61EBB225AF90}"
EndProject
Global
	GlobalSection(SolutionConfigurationPlatforms) = preSolution
		Debug|Any CPU = Debug|Any CPU
		Release|Any CPU = Release|Any CPU
	EndGlobalSection
	GlobalSection(ProjectConfigurationPlatforms) = postSolution
		{CF6ED069-8B35-AEB6-E142-44A8723247DB}.Debug|Any CPU.ActiveCfg = Debug|Any CPU
		{CF6ED069-8B35-AEB6-E142-44A8723247DB}.Debug|Any CPU.Build.0 = Debug|Any CPU
		{CF6ED069-8B35-AEB6-E142-44A8723247DB}.Release|Any CPU.ActiveCfg = Release|Any CPU
		{CF6ED069-8B35-AEB6-E142-44A8723247DB}.Release|Any CPU.Build.0 = Release|Any CPU
		{D048A0BF-DE52-AA4C-0836-D2C7483B69E0}.Debug|Any CPU.ActiveCfg = Debug|Any CPU
		{D048A0BF-DE52-AA4C-0836-D2C7483B69E0}.Debug|Any CPU.Build.0 = Debug|Any CPU
		{D048A0BF-DE52-AA4C-0836-D2C7483B69E0}.Release|Any CPU.ActiveCfg = Release|Any CPU
		{D048A0BF-DE52-AA4C-0836-D2C7483B69E0}.Release|Any CPU.Build.0 = Release|Any CPU
		{08D8C697-05A2-A207-A3F6-0AFC8152E03D}.Debug|Any CPU.ActiveCfg = Debug|Any CPU
		{08D8C697-05A2-A207-A3F6-0AFC8152E03D}.Debug|Any CPU.Build.0 = Debug|Any CPU
		{08D8C697-05A2-A207-A3F6-0AFC8152E03D}.Release|Any CPU.ActiveCfg = Release|Any CPU
		{08D8C697-05A2-A207-A3F6-0AFC8152E03D}.Release|Any CPU.Build.0 = Release|Any CPU
		{0E964639-B100-1B0A-B390-5FDA3AD75349}.Debug|Any CPU.ActiveCfg = Debug|Any CPU
		{0E964639-B100-1B0A-B390-5FDA3AD75349}.Debug|Any CPU.Build.0 = Debug|Any CPU
		{0E964639-B100-1B0A-B390-5FDA3AD75349}.Release|Any CPU.ActiveCfg = Release|Any CPU
		{0E964639-B100-1B0A-B390-5FDA3AD75349}.Release|Any CPU.Build.0 = Release|Any CPU
		{8EBD511D-935B-0F63-28BD-AC3CA0F0A6B6}.Debug|Any CPU.ActiveCfg = Debug|Any CPU
		{8EBD511D-935B-0F63-28BD-AC3CA0F0A6B6}.Debug|Any CPU.Build.0 = Debug|Any CPU
		{8EBD511D-935B-0F63-28BD-AC3CA0F0A6B6}.Release|Any CPU.ActiveCfg = Release|Any CPU
		{8EBD511D-935B-0F63-28BD-AC3CA0F0A6B6}.Release|Any CPU.Build.0 = Release|Any CPU
		{79E10BA2-C4B4-5BB7-9F6E-C5A805D29BFF}.Debug|Any CPU.ActiveCfg = Debug|Any CPU
		{79E10BA2-C4B4-5BB7-9F6E-C5A805D29BFF}.Debug|Any CPU.Build.0 = Debug|Any CPU
		{79E10BA2-C4B4-5BB7-9F6E-C5A805D29BFF}.Release|Any CPU.ActiveCfg = Release|Any CPU
		{79E10BA2-C4B4-5BB7-9F6E-C5A805D29BFF}.Release|Any CPU.Build.0 = Release|Any CPU
		{9E832117-109E-AB09-8577-B17673A8EF2C}.Debug|Any CPU.ActiveCfg = Debug|Any CPU
		{9E832117-109E-AB09-8577-B17673A8EF2C}.Debug|Any CPU.Build.0 = Debug|Any CPU
		{9E832117-109E-AB09-8577-B17673A8EF2C}.Release|Any CPU.ActiveCfg = Release|Any CPU
		{9E832117-109E-AB09-8577-B17673A8EF2C}.Release|Any CPU.Build.0 = Release|Any CPU
		{B7F41D5D-0551-778C-94B8-9E9E4FBFAF64}.Debug|Any CPU.ActiveCfg = Debug|Any CPU
		{B7F41D5D-0551-778C-94B8-9E9E4FBFAF64}.Debug|Any CPU.Build.0 = Debug|Any CPU
		{B7F41D5D-0551-778C-94B8-9E9E4FBFAF64}.Release|Any CPU.ActiveCfg = Release|Any CPU
		{B7F41D5D-0551-778C-94B8-9E9E4FBFAF64}.Release|Any CPU.Build.0 = Release|Any CPU
		{2E64C466-A170-FFB6-CB80-0EAA56B88F4B}.Debug|Any CPU.ActiveCfg = Debug|Any CPU
		{2E64C466-A170-FFB6-CB80-0EAA56B88F4B}.Debug|Any CPU.Build.0 = Debug|Any CPU
		{2E64C466-A170-FFB6-CB80-0EAA56B88F4B}.Release|Any CPU.ActiveCfg = Release|Any CPU
		{2E64C466-A170-FFB6-CB80-0EAA56B88F4B}.Release|Any CPU.Build.0 = Release|Any CPU
		{82F85D3E-B69A-C0CE-CAB6-13A1DA46D697}.Debug|Any CPU.ActiveCfg = Debug|Any CPU
		{82F85D3E-B69A-C0CE-CAB6-13A1DA46D697}.Debug|Any CPU.Build.0 = Debug|Any CPU
		{82F85D3E-B69A-C0CE-CAB6-13A1DA46D697}.Release|Any CPU.ActiveCfg = Release|Any CPU
		{82F85D3E-B69A-C0CE-CAB6-13A1DA46D697}.Release|Any CPU.Build.0 = Release|Any CPU
		{59787809-AD6B-5F67-8EAF-54B5D682C293}.Debug|Any CPU.ActiveCfg = Debug|Any CPU
		{59787809-AD6B-5F67-8EAF-54B5D682C293}.Debug|Any CPU.Build.0 = Debug|Any CPU
		{59787809-AD6B-5F67-8EAF-54B5D682C293}.Release|Any CPU.ActiveCfg = Release|Any CPU
		{59787809-AD6B-5F67-8EAF-54B5D682C293}.Release|Any CPU.Build.0 = Release|Any CPU
		{FCF9893B-1E30-2495-F7D9-133D01A7981D}.Debug|Any CPU.ActiveCfg = Debug|Any CPU
		{FCF9893B-1E30-2495-F7D9-133D01A7981D}.Debug|Any CPU.Build.0 = Debug|Any CPU
		{FCF9893B-1E30-2495-F7D9-133D01A7981D}.Release|Any CPU.ActiveCfg = Release|Any CPU
		{FCF9893B-1E30-2495-F7D9-133D01A7981D}.Release|Any CPU.Build.0 = Release|Any CPU
		{C205392F-87BE-FB23-5269-4CE5C678AA65}.Debug|Any CPU.ActiveCfg = Debug|Any CPU
		{C205392F-87BE-FB23-5269-4CE5C678AA65}.Debug|Any CPU.Build.0 = Debug|Any CPU
		{C205392F-87BE-FB23-5269-4CE5C678AA65}.Release|Any CPU.ActiveCfg = Release|Any CPU
		{C205392F-87BE-FB23-5269-4CE5C678AA65}.Release|Any CPU.Build.0 = Release|Any CPU
		{ADFB044D-EF6E-0AD7-C77E-C1E03BAB452B}.Debug|Any CPU.ActiveCfg = Debug|Any CPU
		{ADFB044D-EF6E-0AD7-C77E-C1E03BAB452B}.Debug|Any CPU.Build.0 = Debug|Any CPU
		{ADFB044D-EF6E-0AD7-C77E-C1E03BAB452B}.Release|Any CPU.ActiveCfg = Release|Any CPU
		{ADFB044D-EF6E-0AD7-C77E-C1E03BAB452B}.Release|Any CPU.Build.0 = Release|Any CPU
		{7FEC60AD-909B-A096-4715-E928A5EFAB7C}.Debug|Any CPU.ActiveCfg = Debug|Any CPU
		{7FEC60AD-909B-A096-4715-E928A5EFAB7C}.Debug|Any CPU.Build.0 = Debug|Any CPU
		{7FEC60AD-909B-A096-4715-E928A5EFAB7C}.Release|Any CPU.ActiveCfg = Release|Any CPU
		{7FEC60AD-909B-A096-4715-E928A5EFAB7C}.Release|Any CPU.Build.0 = Release|Any CPU
		{4B8113D5-DFC3-7A05-00D5-2FD646488689}.Debug|Any CPU.ActiveCfg = Debug|Any CPU
		{4B8113D5-DFC3-7A05-00D5-2FD646488689}.Debug|Any CPU.Build.0 = Debug|Any CPU
		{4B8113D5-DFC3-7A05-00D5-2FD646488689}.Release|Any CPU.ActiveCfg = Release|Any CPU
		{4B8113D5-DFC3-7A05-00D5-2FD646488689}.Release|Any CPU.Build.0 = Release|Any CPU
		{B024494C-97A9-BBD6-1C7E-E0CF6D418AE8}.Debug|Any CPU.ActiveCfg = Debug|Any CPU
		{B024494C-97A9-BBD6-1C7E-E0CF6D418AE8}.Debug|Any CPU.Build.0 = Debug|Any CPU
		{B024494C-97A9-BBD6-1C7E-E0CF6D418AE8}.Release|Any CPU.ActiveCfg = Release|Any CPU
		{B024494C-97A9-BBD6-1C7E-E0CF6D418AE8}.Release|Any CPU.Build.0 = Release|Any CPU
		{2D14BBD4-BE8F-8301-D258-D7C6E7C272C3}.Debug|Any CPU.ActiveCfg = Debug|Any CPU
		{2D14BBD4-BE8F-8301-D258-D7C6E7C272C3}.Debug|Any CPU.Build.0 = Debug|Any CPU
		{2D14BBD4-BE8F-8301-D258-D7C6E7C272C3}.Release|Any CPU.ActiveCfg = Release|Any CPU
		{2D14BBD4-BE8F-8301-D258-D7C6E7C272C3}.Release|Any CPU.Build.0 = Release|Any CPU
		{3E4FD6A3-844D-BBE8-9A80-A737A7543441}.Debug|Any CPU.ActiveCfg = Debug|Any CPU
		{3E4FD6A3-844D-BBE8-9A80-A737A7543441}.Debug|Any CPU.Build.0 = Debug|Any CPU
		{3E4FD6A3-844D-BBE8-9A80-A737A7543441}.Release|Any CPU.ActiveCfg = Release|Any CPU
		{3E4FD6A3-844D-BBE8-9A80-A737A7543441}.Release|Any CPU.Build.0 = Release|Any CPU
		{4B7A0962-E6E9-942C-F52C-240FF59C4B7A}.Debug|Any CPU.ActiveCfg = Debug|Any CPU
		{4B7A0962-E6E9-942C-F52C-240FF59C4B7A}.Debug|Any CPU.Build.0 = Debug|Any CPU
		{4B7A0962-E6E9-942C-F52C-240FF59C4B7A}.Release|Any CPU.ActiveCfg = Release|Any CPU
		{4B7A0962-E6E9-942C-F52C-240FF59C4B7A}.Release|Any CPU.Build.0 = Release|Any CPU
		{E84D0AE1-D97C-3A96-D1D3-75BED1B62440}.Debug|Any CPU.ActiveCfg = Debug|Any CPU
		{E84D0AE1-D97C-3A96-D1D3-75BED1B62440}.Debug|Any CPU.Build.0 = Debug|Any CPU
		{E84D0AE1-D97C-3A96-D1D3-75BED1B62440}.Release|Any CPU.ActiveCfg = Release|Any CPU
		{E84D0AE1-D97C-3A96-D1D3-75BED1B62440}.Release|Any CPU.Build.0 = Release|Any CPU
		{C3152BB2-A8D8-FBC4-9935-85A25B942FB5}.Debug|Any CPU.ActiveCfg = Debug|Any CPU
		{C3152BB2-A8D8-FBC4-9935-85A25B942FB5}.Debug|Any CPU.Build.0 = Debug|Any CPU
		{C3152BB2-A8D8-FBC4-9935-85A25B942FB5}.Release|Any CPU.ActiveCfg = Release|Any CPU
		{C3152BB2-A8D8-FBC4-9935-85A25B942FB5}.Release|Any CPU.Build.0 = Release|Any CPU
		{846548A3-2B0C-DD4C-D2D6-708A330DCAB8}.Debug|Any CPU.ActiveCfg = Debug|Any CPU
		{846548A3-2B0C-DD4C-D2D6-708A330DCAB8}.Debug|Any CPU.Build.0 = Debug|Any CPU
		{846548A3-2B0C-DD4C-D2D6-708A330DCAB8}.Release|Any CPU.ActiveCfg = Release|Any CPU
		{846548A3-2B0C-DD4C-D2D6-708A330DCAB8}.Release|Any CPU.Build.0 = Release|Any CPU
		{23C2792C-E617-60A4-F36F-69B9F5425942}.Debug|Any CPU.ActiveCfg = Debug|Any CPU
		{23C2792C-E617-60A4-F36F-69B9F5425942}.Debug|Any CPU.Build.0 = Debug|Any CPU
		{23C2792C-E617-60A4-F36F-69B9F5425942}.Release|Any CPU.ActiveCfg = Release|Any CPU
		{23C2792C-E617-60A4-F36F-69B9F5425942}.Release|Any CPU.Build.0 = Release|Any CPU
		{13EE12D5-D4D0-CF16-39F5-D30BFDD69487}.Debug|Any CPU.ActiveCfg = Debug|Any CPU
		{13EE12D5-D4D0-CF16-39F5-D30BFDD69487}.Debug|Any CPU.Build.0 = Debug|Any CPU
		{13EE12D5-D4D0-CF16-39F5-D30BFDD69487}.Release|Any CPU.ActiveCfg = Release|Any CPU
		{13EE12D5-D4D0-CF16-39F5-D30BFDD69487}.Release|Any CPU.Build.0 = Release|Any CPU
		{3D4AD43F-5E19-098B-478A-001D01C5C1BA}.Debug|Any CPU.ActiveCfg = Debug|Any CPU
		{3D4AD43F-5E19-098B-478A-001D01C5C1BA}.Debug|Any CPU.Build.0 = Debug|Any CPU
		{3D4AD43F-5E19-098B-478A-001D01C5C1BA}.Release|Any CPU.ActiveCfg = Release|Any CPU
		{3D4AD43F-5E19-098B-478A-001D01C5C1BA}.Release|Any CPU.Build.0 = Release|Any CPU
		{CD808009-99F8-EBB8-4A6C-C7BEAA19A3CC}.Debug|Any CPU.ActiveCfg = Debug|Any CPU
		{CD808009-99F8-EBB8-4A6C-C7BEAA19A3CC}.Debug|Any CPU.Build.0 = Debug|Any CPU
		{CD808009-99F8-EBB8-4A6C-C7BEAA19A3CC}.Release|Any CPU.ActiveCfg = Release|Any CPU
		{CD808009-99F8-EBB8-4A6C-C7BEAA19A3CC}.Release|Any CPU.Build.0 = Release|Any CPU
		{7A50FEFE-7047-BDBB-A575-35AE24C842C8}.Debug|Any CPU.ActiveCfg = Debug|Any CPU
		{7A50FEFE-7047-BDBB-A575-35AE24C842C8}.Debug|Any CPU.Build.0 = Debug|Any CPU
		{7A50FEFE-7047-BDBB-A575-35AE24C842C8}.Release|Any CPU.ActiveCfg = Release|Any CPU
		{7A50FEFE-7047-BDBB-A575-35AE24C842C8}.Release|Any CPU.Build.0 = Release|Any CPU
		{E62A3C6E-C3A2-73BD-B094-83B8F50AE836}.Debug|Any CPU.ActiveCfg = Debug|Any CPU
		{E62A3C6E-C3A2-73BD-B094-83B8F50AE836}.Debug|Any CPU.Build.0 = Debug|Any CPU
		{E62A3C6E-C3A2-73BD-B094-83B8F50AE836}.Release|Any CPU.ActiveCfg = Release|Any CPU
		{E62A3C6E-C3A2-73BD-B094-83B8F50AE836}.Release|Any CPU.Build.0 = Release|Any CPU
		{9873EA32-D5E5-6BFA-8C3E-1825E05FAB08}.Debug|Any CPU.ActiveCfg = Debug|Any CPU
		{9873EA32-D5E5-6BFA-8C3E-1825E05FAB08}.Debug|Any CPU.Build.0 = Debug|Any CPU
		{9873EA32-D5E5-6BFA-8C3E-1825E05FAB08}.Release|Any CPU.ActiveCfg = Release|Any CPU
		{9873EA32-D5E5-6BFA-8C3E-1825E05FAB08}.Release|Any CPU.Build.0 = Release|Any CPU
		{AC843714-3F8B-57E5-D8D9-A81B2F4A2E11}.Debug|Any CPU.ActiveCfg = Debug|Any CPU
		{AC843714-3F8B-57E5-D8D9-A81B2F4A2E11}.Debug|Any CPU.Build.0 = Debug|Any CPU
		{AC843714-3F8B-57E5-D8D9-A81B2F4A2E11}.Release|Any CPU.ActiveCfg = Release|Any CPU
		{AC843714-3F8B-57E5-D8D9-A81B2F4A2E11}.Release|Any CPU.Build.0 = Release|Any CPU
		{8AC8FD7E-5FC9-BEF7-485E-DD65DF90E135}.Debug|Any CPU.ActiveCfg = Debug|Any CPU
		{8AC8FD7E-5FC9-BEF7-485E-DD65DF90E135}.Debug|Any CPU.Build.0 = Debug|Any CPU
		{8AC8FD7E-5FC9-BEF7-485E-DD65DF90E135}.Release|Any CPU.ActiveCfg = Release|Any CPU
		{8AC8FD7E-5FC9-BEF7-485E-DD65DF90E135}.Release|Any CPU.Build.0 = Release|Any CPU
		{C3DA40FF-DE0D-8A08-5152-BE7FF0DD8F50}.Debug|Any CPU.ActiveCfg = Debug|Any CPU
		{C3DA40FF-DE0D-8A08-5152-BE7FF0DD8F50}.Debug|Any CPU.Build.0 = Debug|Any CPU
		{C3DA40FF-DE0D-8A08-5152-BE7FF0DD8F50}.Release|Any CPU.ActiveCfg = Release|Any CPU
		{C3DA40FF-DE0D-8A08-5152-BE7FF0DD8F50}.Release|Any CPU.Build.0 = Release|Any CPU
		{222F9AC4-BAA5-B887-74C3-61EBB225AF90}.Debug|Any CPU.ActiveCfg = Debug|Any CPU
		{222F9AC4-BAA5-B887-74C3-61EBB225AF90}.Debug|Any CPU.Build.0 = Debug|Any CPU
		{222F9AC4-BAA5-B887-74C3-61EBB225AF90}.Release|Any CPU.ActiveCfg = Release|Any CPU
		{222F9AC4-BAA5-B887-74C3-61EBB225AF90}.Release|Any CPU.Build.0 = Release|Any CPU
	EndGlobalSection
	GlobalSection(SolutionProperties) = preSolution
		HideSolutionNode = FALSE
	EndGlobalSection
EndGlobal
